
Microsoft Visual Studio Solution File, Format Version 12.00
# Visual Studio Version 17
VisualStudioVersion = 17.11.35222.181
MinimumVisualStudioVersion = 10.0.40219.1
Project("{2150E333-8FDC-42A3-9474-1A3956D46DE8}") = "Task0", "Task0", "{0817FC84-509F-496A-AA50-9787EC64EEC7}"
EndProject
Project("{9A19103F-16F7-4668-BE54-9A1E7A4F7556}") = "Tyuiu.ZhukovaYA.Sprint6.Task0.V23.Lib", "Tyuiu.ZhukovaYA.Sprint6.Task0.V23.Lib\Tyuiu.ZhukovaYA.Sprint6.Task0.V23.Lib.csproj", "{AD2D1079-C50B-47DE-B43A-2D52EF3F5801}"
EndProject
Project("{9A19103F-16F7-4668-BE54-9A1E7A4F7556}") = "Tyuiu.ZhukovaYA.Sprint6.Task0.V23.Test", "Tyuiu.ZhukovaYA.Sprint6.Task0.V23.Test\Tyuiu.ZhukovaYA.Sprint6.Task0.V23.Test.csproj", "{32720CC4-149D-4044-A5B4-2613D093B340}"
EndProject
Project("{9A19103F-16F7-4668-BE54-9A1E7A4F7556}") = "Tyuiu.ZhukovaYA.Sprint6.Task0.V23", "Tyuiu.ZhukovaYA.Sprint6.Task0.V23\Tyuiu.ZhukovaYA.Sprint6.Task0.V23.csproj", "{9C413128-1D4B-4D50-A2D7-83895C63C288}"
EndProject
Project("{9A19103F-16F7-4668-BE54-9A1E7A4F7556}") = "Tyuiu.ZhukovaYA.Sprint6.Task1.V10.Lib", "Tyuiu.ZhukovaYA.Sprint6.Task1.V10.Lib\Tyuiu.ZhukovaYA.Sprint6.Task1.V10.Lib.csproj", "{96345E1B-3024-4BC8-AABF-67500EC96D8A}"
EndProject
Project("{9A19103F-16F7-4668-BE54-9A1E7A4F7556}") = "Tyuiu.ZhukovaYA.Sprint6.Task1.V10.Test", "Tyuiu.ZhukovaYA.Sprint6.Task1.V10.Test\Tyuiu.ZhukovaYA.Sprint6.Task1.V10.Test.csproj", "{522EE8D8-F749-4C5F-A058-192CD28F9B01}"
EndProject
Project("{2150E333-8FDC-42A3-9474-1A3956D46DE8}") = "Task1", "Task1", "{11694C5F-DA14-4992-9249-5B5F0BC2A6C6}"
EndProject
Project("{9A19103F-16F7-4668-BE54-9A1E7A4F7556}") = "Tyuiu.ZhukovaYA.Sprint6.Task1.V10", "Tyuiu.ZhukovaYA.Sprint6.Task1.V10\Tyuiu.ZhukovaYA.Sprint6.Task1.V10.csproj", "{1BBAF673-4A32-4FB4-A70E-F9EFB0233D87}"
EndProject
Project("{2150E333-8FDC-42A3-9474-1A3956D46DE8}") = "Task2", "Task2", "{B7003BB6-E204-49DD-B806-0FF533DC15AC}"
EndProject
Project("{FAE04EC0-301F-11D3-BF4B-00C04F79EFBC}") = "Tyuiu.ZhukovaYA.Sprint6.Task2.V23", "Tyuiu.ZhukovaYA.Sprint6.Task2.V23\Tyuiu.ZhukovaYA.Sprint6.Task2.V23.csproj", "{7616D76B-A0BD-4236-ABF8-9082CCECD6E9}"
EndProject
Project("{FAE04EC0-301F-11D3-BF4B-00C04F79EFBC}") = "Tyuiu.ZhukovaYA.Sprint6.Task2.V23.Lib", "Tyuiu.ZhukovaYA.Sprint6.Task2.V23.Lib\Tyuiu.ZhukovaYA.Sprint6.Task2.V23.Lib.csproj", "{3AD879EF-A941-4916-93B7-6B5B85322C89}"
EndProject
Project("{FAE04EC0-301F-11D3-BF4B-00C04F79EFBC}") = "Tyuiu.ZhukovaYA.Sprint6.Task2.V23.Test", "Tyuiu.ZhukovaYA.Sprint6.Task2.V23.Test\Tyuiu.ZhukovaYA.Sprint6.Task2.V23.Test.csproj", "{0F0AA972-4F80-4A07-9229-0FC5402AC40B}"
EndProject
Global
	GlobalSection(SolutionConfigurationPlatforms) = preSolution
		Debug|Any CPU = Debug|Any CPU
		Release|Any CPU = Release|Any CPU
	EndGlobalSection
	GlobalSection(ProjectConfigurationPlatforms) = postSolution
		{AD2D1079-C50B-47DE-B43A-2D52EF3F5801}.Debug|Any CPU.ActiveCfg = Debug|Any CPU
		{AD2D1079-C50B-47DE-B43A-2D52EF3F5801}.Debug|Any CPU.Build.0 = Debug|Any CPU
		{AD2D1079-C50B-47DE-B43A-2D52EF3F5801}.Release|Any CPU.ActiveCfg = Release|Any CPU
		{AD2D1079-C50B-47DE-B43A-2D52EF3F5801}.Release|Any CPU.Build.0 = Release|Any CPU
		{32720CC4-149D-4044-A5B4-2613D093B340}.Debug|Any CPU.ActiveCfg = Debug|Any CPU
		{32720CC4-149D-4044-A5B4-2613D093B340}.Debug|Any CPU.Build.0 = Debug|Any CPU
		{32720CC4-149D-4044-A5B4-2613D093B340}.Release|Any CPU.ActiveCfg = Release|Any CPU
		{32720CC4-149D-4044-A5B4-2613D093B340}.Release|Any CPU.Build.0 = Release|Any CPU
		{9C413128-1D4B-4D50-A2D7-83895C63C288}.Debug|Any CPU.ActiveCfg = Debug|Any CPU
		{9C413128-1D4B-4D50-A2D7-83895C63C288}.Debug|Any CPU.Build.0 = Debug|Any CPU
		{9C413128-1D4B-4D50-A2D7-83895C63C288}.Release|Any CPU.ActiveCfg = Release|Any CPU
		{9C413128-1D4B-4D50-A2D7-83895C63C288}.Release|Any CPU.Build.0 = Release|Any CPU
		{96345E1B-3024-4BC8-AABF-67500EC96D8A}.Debug|Any CPU.ActiveCfg = Debug|Any CPU
		{96345E1B-3024-4BC8-AABF-67500EC96D8A}.Debug|Any CPU.Build.0 = Debug|Any CPU
		{96345E1B-3024-4BC8-AABF-67500EC96D8A}.Release|Any CPU.ActiveCfg = Release|Any CPU
		{96345E1B-3024-4BC8-AABF-67500EC96D8A}.Release|Any CPU.Build.0 = Release|Any CPU
		{522EE8D8-F749-4C5F-A058-192CD28F9B01}.Debug|Any CPU.ActiveCfg = Debug|Any CPU
		{522EE8D8-F749-4C5F-A058-192CD28F9B01}.Debug|Any CPU.Build.0 = Debug|Any CPU
		{522EE8D8-F749-4C5F-A058-192CD28F9B01}.Release|Any CPU.ActiveCfg = Release|Any CPU
		{522EE8D8-F749-4C5F-A058-192CD28F9B01}.Release|Any CPU.Build.0 = Release|Any CPU
		{1BBAF673-4A32-4FB4-A70E-F9EFB0233D87}.Debug|Any CPU.ActiveCfg = Debug|Any CPU
		{1BBAF673-4A32-4FB4-A70E-F9EFB0233D87}.Debug|Any CPU.Build.0 = Debug|Any CPU
		{1BBAF673-4A32-4FB4-A70E-F9EFB0233D87}.Release|Any CPU.ActiveCfg = Release|Any CPU
		{1BBAF673-4A32-4FB4-A70E-F9EFB0233D87}.Release|Any CPU.Build.0 = Release|Any CPU
		{7616D76B-A0BD-4236-ABF8-9082CCECD6E9}.Debug|Any CPU.ActiveCfg = Debug|Any CPU
		{7616D76B-A0BD-4236-ABF8-9082CCECD6E9}.Debug|Any CPU.Build.0 = Debug|Any CPU
		{7616D76B-A0BD-4236-ABF8-9082CCECD6E9}.Release|Any CPU.ActiveCfg = Release|Any CPU
		{7616D76B-A0BD-4236-ABF8-9082CCECD6E9}.Release|Any CPU.Build.0 = Release|Any CPU
		{3AD879EF-A941-4916-93B7-6B5B85322C89}.Debug|Any CPU.ActiveCfg = Debug|Any CPU
		{3AD879EF-A941-4916-93B7-6B5B85322C89}.Debug|Any CPU.Build.0 = Debug|Any CPU
		{3AD879EF-A941-4916-93B7-6B5B85322C89}.Release|Any CPU.ActiveCfg = Release|Any CPU
		{3AD879EF-A941-4916-93B7-6B5B85322C89}.Release|Any CPU.Build.0 = Release|Any CPU
		{0F0AA972-4F80-4A07-9229-0FC5402AC40B}.Debug|Any CPU.ActiveCfg = Debug|Any CPU
		{0F0AA972-4F80-4A07-9229-0FC5402AC40B}.Debug|Any CPU.Build.0 = Debug|Any CPU
		{0F0AA972-4F80-4A07-9229-0FC5402AC40B}.Release|Any CPU.ActiveCfg = Release|Any CPU
		{0F0AA972-4F80-4A07-9229-0FC5402AC40B}.Release|Any CPU.Build.0 = Release|Any CPU
	EndGlobalSection
	GlobalSection(SolutionProperties) = preSolution
		HideSolutionNode = FALSE
	EndGlobalSection
	GlobalSection(NestedProjects) = preSolution
		{AD2D1079-C50B-47DE-B43A-2D52EF3F5801} = {0817FC84-509F-496A-AA50-9787EC64EEC7}
		{32720CC4-149D-4044-A5B4-2613D093B340} = {0817FC84-509F-496A-AA50-9787EC64EEC7}
		{9C413128-1D4B-4D50-A2D7-83895C63C288} = {0817FC84-509F-496A-AA50-9787EC64EEC7}
		{96345E1B-3024-4BC8-AABF-67500EC96D8A} = {11694C5F-DA14-4992-9249-5B5F0BC2A6C6}
		{522EE8D8-F749-4C5F-A058-192CD28F9B01} = {11694C5F-DA14-4992-9249-5B5F0BC2A6C6}
		{1BBAF673-4A32-4FB4-A70E-F9EFB0233D87} = {11694C5F-DA14-4992-9249-5B5F0BC2A6C6}
		{7616D76B-A0BD-4236-ABF8-9082CCECD6E9} = {B7003BB6-E204-49DD-B806-0FF533DC15AC}
		{3AD879EF-A941-4916-93B7-6B5B85322C89} = {B7003BB6-E204-49DD-B806-0FF533DC15AC}
		{0F0AA972-4F80-4A07-9229-0FC5402AC40B} = {B7003BB6-E204-49DD-B806-0FF533DC15AC}
	EndGlobalSection
	GlobalSection(ExtensibilityGlobals) = postSolution
		SolutionGuid = {918FD411-FD4A-4773-8831-47B27D8B4498}
	EndGlobalSection
EndGlobal
