
Microsoft Visual Studio Solution File, Format Version 12.00
# Visual Studio Version 17
VisualStudioVersion = 17.11.35222.181
MinimumVisualStudioVersion = 10.0.40219.1
Project("{2150E333-8FDC-42A3-9474-1A3956D46DE8}") = "Task0", "Task0", "{0817FC84-509F-496A-AA50-9787EC64EEC7}"
EndProject
Project("{9A19103F-16F7-4668-BE54-9A1E7A4F7556}") = "Tyuiu.ZhukovaYA.Sprint6.Task0.V23.Lib", "Tyuiu.ZhukovaYA.Sprint6.Task0.V23.Lib\Tyuiu.ZhukovaYA.Sprint6.Task0.V23.Lib.csproj", "{AD2D1079-C50B-47DE-B43A-2D52EF3F5801}"
EndProject
Project("{9A19103F-16F7-4668-BE54-9A1E7A4F7556}") = "Tyuiu.ZhukovaYA.Sprint6.Task0.V23.Test", "Tyuiu.ZhukovaYA.Sprint6.Task0.V23.Test\Tyuiu.ZhukovaYA.Sprint6.Task0.V23.Test.csproj", "{32720CC4-149D-4044-A5B4-2613D093B340}"
EndProject
Project("{9A19103F-16F7-4668-BE54-9A1E7A4F7556}") = "Tyuiu.ZhukovaYA.Sprint6.Task0.V23", "Tyuiu.ZhukovaYA.Sprint6.Task0.V23\Tyuiu.ZhukovaYA.Sprint6.Task0.V23.csproj", "{9C413128-1D4B-4D50-A2D7-83895C63C288}"
EndProject
Project("{9A19103F-16F7-4668-BE54-9A1E7A4F7556}") = "Tyuiu.ZhukovaYA.Sprint6.Task1.V10.Lib", "Tyuiu.ZhukovaYA.Sprint6.Task1.V10.Lib\Tyuiu.ZhukovaYA.Sprint6.Task1.V10.Lib.csproj", "{96345E1B-3024-4BC8-AABF-67500EC96D8A}"
EndProject
Project("{9A19103F-16F7-4668-BE54-9A1E7A4F7556}") = "Tyuiu.ZhukovaYA.Sprint6.Task1.V10.Test", "Tyuiu.ZhukovaYA.Sprint6.Task1.V10.Test\Tyuiu.ZhukovaYA.Sprint6.Task1.V10.Test.csproj", "{522EE8D8-F749-4C5F-A058-192CD28F9B01}"
EndProject
Project("{2150E333-8FDC-42A3-9474-1A3956D46DE8}") = "Task1", "Task1", "{11694C5F-DA14-4992-9249-5B5F0BC2A6C6}"
EndProject
Project("{9A19103F-16F7-4668-BE54-9A1E7A4F7556}") = "Tyuiu.ZhukovaYA.Sprint6.Task1.V10", "Tyuiu.ZhukovaYA.Sprint6.Task1.V10\Tyuiu.ZhukovaYA.Sprint6.Task1.V10.csproj", "{1BBAF673-4A32-4FB4-A70E-F9EFB0233D87}"
EndProject
Project("{2150E333-8FDC-42A3-9474-1A3956D46DE8}") = "Task2", "Task2", "{B7003BB6-E204-49DD-B806-0FF533DC15AC}"
EndProject
Project("{FAE04EC0-301F-11D3-BF4B-00C04F79EFBC}") = "Tyuiu.ZhukovaYA.Sprint6.Task2.V23", "Tyuiu.ZhukovaYA.Sprint6.Task2.V23\Tyuiu.ZhukovaYA.Sprint6.Task2.V23.csproj", "{7616D76B-A0BD-4236-ABF8-9082CCECD6E9}"
EndProject
Project("{FAE04EC0-301F-11D3-BF4B-00C04F79EFBC}") = "Tyuiu.ZhukovaYA.Sprint6.Task2.V23.Test", "Tyuiu.ZhukovaYA.Sprint6.Task2.V23.Test\Tyuiu.ZhukovaYA.Sprint6.Task2.V23.Test.csproj", "{0F0AA972-4F80-4A07-9229-0FC5402AC40B}"
EndProject
Project("{FAE04EC0-301F-11D3-BF4B-00C04F79EFBC}") = "Tyuiu.ZhukovaYA.Sprint6.Task2.V23.Lib", "Tyuiu.ZhukovaYA.Sprint6.Task2.V23.Lib\Tyuiu.ZhukovaYA.Sprint6.Task2.V23.Lib.csproj", "{A3E26AF7-BF1C-43EE-B8CD-072F2F83857C}"
EndProject
Project("{FAE04EC0-301F-11D3-BF4B-00C04F79EFBC}") = "Tyuiu.ZhukovaYA.Sprint6.Task2.V23.Lib.WorkingVersion", "Tyuiu.ZhukovaYA.Sprint6.Task2.V23.Lib.WorkingVersion\Tyuiu.ZhukovaYA.Sprint6.Task2.V23.Lib.WorkingVersion.csproj", "{D6D2D3DE-645A-449B-85E7-777B2259851F}"
EndProject
Project("{2150E333-8FDC-42A3-9474-1A3956D46DE8}") = "Task3", "Task3", "{36A4E508-1C46-42E1-9A00-CA21242E52C8}"
EndProject
Project("{FAE04EC0-301F-11D3-BF4B-00C04F79EFBC}") = "Tyuiu.ZhukovaYA.Sprint6.Task3.V13.Lib", "Tyuiu.ZhukovaYA.Sprint6.Task3.V13.Lib\Tyuiu.ZhukovaYA.Sprint6.Task3.V13.Lib.csproj", "{F33C3282-FEB9-4FD4-ACEF-75842688BE0B}"
EndProject
Project("{FAE04EC0-301F-11D3-BF4B-00C04F79EFBC}") = "Tyuiu.ZhukovaYA.Sprint6.Task3.V13", "Tyuiu.ZhukovaYA.Sprint6.Task3.V13\Tyuiu.ZhukovaYA.Sprint6.Task3.V13.csproj", "{55633EB0-E66E-400D-B1AB-BEB61232920B}"
EndProject
Project("{FAE04EC0-301F-11D3-BF4B-00C04F79EFBC}") = "Tyuiu.ZhukovaYA.Sprint6.Task3.V13.Test", "Tyuiu.ZhukovaYA.Sprint6.Task3.V13.Test\Tyuiu.ZhukovaYA.Sprint6.Task3.V13.Test.csproj", "{DA6D8B03-34AC-4A88-AF4C-89CEC39B8C9D}"
EndProject
Project("{2150E333-8FDC-42A3-9474-1A3956D46DE8}") = "Task4", "Task4", "{C1FA96A0-E151-4DD3-9F0F-6F3228465DAB}"
EndProject
Project("{FAE04EC0-301F-11D3-BF4B-00C04F79EFBC}") = "Tyuiu.ZhukovaYA.Sprint6.Task4.V6.Lib", "Tyuiu.ZhukovaYA.Sprint6.Task4.V6.Lib\Tyuiu.ZhukovaYA.Sprint6.Task4.V6.Lib.csproj", "{04087398-B412-44CD-BFE8-87641B07D138}"
EndProject
Project("{FAE04EC0-301F-11D3-BF4B-00C04F79EFBC}") = "Tyuiu.ZhukovaYA.Sprint6.Task4.V6.Lib.WorkingVersion", "Tyuiu.ZhukovaYA.Sprint6.Task4.V6.Lib.WorkingVersion\Tyuiu.ZhukovaYA.Sprint6.Task4.V6.Lib.WorkingVersion.csproj", "{6434B776-EF9B-47B2-98F1-9621B6BC201D}"
EndProject
Project("{FAE04EC0-301F-11D3-BF4B-00C04F79EFBC}") = "Tyuiu.ZhukovaYA.Sprint6.Task4.V6.Test", "Tyuiu.ZhukovaYA.Sprint6.Task4.V6.Test\Tyuiu.ZhukovaYA.Sprint6.Task4.V6.Test.csproj", "{B6151870-03F9-4634-ACF4-23A93D3805B6}"
EndProject
Project("{FAE04EC0-301F-11D3-BF4B-00C04F79EFBC}") = "Tyuiu.ZhukovaYA.Sprint6.Task4.V6", "Tyuiu.ZhukovaYA.Sprint6.Task4.V6\Tyuiu.ZhukovaYA.Sprint6.Task4.V6.csproj", "{9551219C-A1D3-4F60-BBEC-DC226EA43FBB}"
EndProject
Project("{2150E333-8FDC-42A3-9474-1A3956D46DE8}") = "Task5", "Task5", "{611A7037-0292-4D39-B0CA-CD5608EAA73E}"
EndProject
Project("{FAE04EC0-301F-11D3-BF4B-00C04F79EFBC}") = "Tyuiu.ZhukovaYA.Sprint6.Task5.V9", "Tyuiu.ZhukovaYA.Sprint6.Task5.V9\Tyuiu.ZhukovaYA.Sprint6.Task5.V9.csproj", "{0E130ECC-DE4F-4B80-9334-6E3910CB3586}"
EndProject
Project("{FAE04EC0-301F-11D3-BF4B-00C04F79EFBC}") = "Tyuiu.ZhukovaYA.Sprint6.Task5.V9.Lib", "Tyuiu.ZhukovaYA.Sprint6.Task5.V9.Lib\Tyuiu.ZhukovaYA.Sprint6.Task5.V9.Lib.csproj", "{4E115744-AB28-48F1-AF21-CAB61AF9B794}"
EndProject
Project("{FAE04EC0-301F-11D3-BF4B-00C04F79EFBC}") = "Tyuiu.ZhukovaYA.Sprint6.Task5.V9.Lib.WorkingVersion", "Tyuiu.ZhukovaYA.Sprint6.Task5.V9.Lib.WorkingVersion\Tyuiu.ZhukovaYA.Sprint6.Task5.V9.Lib.WorkingVersion.csproj", "{BDABD7D3-93FF-45A3-874C-A0C0DFAFFE49}"
EndProject
Project("{FAE04EC0-301F-11D3-BF4B-00C04F79EFBC}") = "Tyuiu.ZhukovaYA.Sprint6.Task5.V9.Test", "Tyuiu.ZhukovaYA.Sprint6.Task5.V9.Test\Tyuiu.ZhukovaYA.Sprint6.Task5.V9.Test.csproj", "{9E701BE3-DC82-4E50-937F-DF09F7981F27}"
EndProject
Global
	GlobalSection(SolutionConfigurationPlatforms) = preSolution
		Debug|Any CPU = Debug|Any CPU
		Release|Any CPU = Release|Any CPU
	EndGlobalSection
	GlobalSection(ProjectConfigurationPlatforms) = postSolution
		{AD2D1079-C50B-47DE-B43A-2D52EF3F5801}.Debug|Any CPU.ActiveCfg = Debug|Any CPU
		{AD2D1079-C50B-47DE-B43A-2D52EF3F5801}.Debug|Any CPU.Build.0 = Debug|Any CPU
		{AD2D1079-C50B-47DE-B43A-2D52EF3F5801}.Release|Any CPU.ActiveCfg = Release|Any CPU
		{AD2D1079-C50B-47DE-B43A-2D52EF3F5801}.Release|Any CPU.Build.0 = Release|Any CPU
		{32720CC4-149D-4044-A5B4-2613D093B340}.Debug|Any CPU.ActiveCfg = Debug|Any CPU
		{32720CC4-149D-4044-A5B4-2613D093B340}.Debug|Any CPU.Build.0 = Debug|Any CPU
		{32720CC4-149D-4044-A5B4-2613D093B340}.Release|Any CPU.ActiveCfg = Release|Any CPU
		{32720CC4-149D-4044-A5B4-2613D093B340}.Release|Any CPU.Build.0 = Release|Any CPU
		{9C413128-1D4B-4D50-A2D7-83895C63C288}.Debug|Any CPU.ActiveCfg = Debug|Any CPU
		{9C413128-1D4B-4D50-A2D7-83895C63C288}.Debug|Any CPU.Build.0 = Debug|Any CPU
		{9C413128-1D4B-4D50-A2D7-83895C63C288}.Release|Any CPU.ActiveCfg = Release|Any CPU
		{9C413128-1D4B-4D50-A2D7-83895C63C288}.Release|Any CPU.Build.0 = Release|Any CPU
		{96345E1B-3024-4BC8-AABF-67500EC96D8A}.Debug|Any CPU.ActiveCfg = Debug|Any CPU
		{96345E1B-3024-4BC8-AABF-67500EC96D8A}.Debug|Any CPU.Build.0 = Debug|Any CPU
		{96345E1B-3024-4BC8-AABF-67500EC96D8A}.Release|Any CPU.ActiveCfg = Release|Any CPU
		{96345E1B-3024-4BC8-AABF-67500EC96D8A}.Release|Any CPU.Build.0 = Release|Any CPU
		{522EE8D8-F749-4C5F-A058-192CD28F9B01}.Debug|Any CPU.ActiveCfg = Debug|Any CPU
		{522EE8D8-F749-4C5F-A058-192CD28F9B01}.Debug|Any CPU.Build.0 = Debug|Any CPU
		{522EE8D8-F749-4C5F-A058-192CD28F9B01}.Release|Any CPU.ActiveCfg = Release|Any CPU
		{522EE8D8-F749-4C5F-A058-192CD28F9B01}.Release|Any CPU.Build.0 = Release|Any CPU
		{1BBAF673-4A32-4FB4-A70E-F9EFB0233D87}.Debug|Any CPU.ActiveCfg = Debug|Any CPU
		{1BBAF673-4A32-4FB4-A70E-F9EFB0233D87}.Debug|Any CPU.Build.0 = Debug|Any CPU
		{1BBAF673-4A32-4FB4-A70E-F9EFB0233D87}.Release|Any CPU.ActiveCfg = Release|Any CPU
		{1BBAF673-4A32-4FB4-A70E-F9EFB0233D87}.Release|Any CPU.Build.0 = Release|Any CPU
		{7616D76B-A0BD-4236-ABF8-9082CCECD6E9}.Debug|Any CPU.ActiveCfg = Debug|Any CPU
		{7616D76B-A0BD-4236-ABF8-9082CCECD6E9}.Debug|Any CPU.Build.0 = Debug|Any CPU
		{7616D76B-A0BD-4236-ABF8-9082CCECD6E9}.Release|Any CPU.ActiveCfg = Release|Any CPU
		{7616D76B-A0BD-4236-ABF8-9082CCECD6E9}.Release|Any CPU.Build.0 = Release|Any CPU
		{0F0AA972-4F80-4A07-9229-0FC5402AC40B}.Debug|Any CPU.ActiveCfg = Debug|Any CPU
		{0F0AA972-4F80-4A07-9229-0FC5402AC40B}.Debug|Any CPU.Build.0 = Debug|Any CPU
		{0F0AA972-4F80-4A07-9229-0FC5402AC40B}.Release|Any CPU.ActiveCfg = Release|Any CPU
		{0F0AA972-4F80-4A07-9229-0FC5402AC40B}.Release|Any CPU.Build.0 = Release|Any CPU
		{A3E26AF7-BF1C-43EE-B8CD-072F2F83857C}.Debug|Any CPU.ActiveCfg = Debug|Any CPU
		{A3E26AF7-BF1C-43EE-B8CD-072F2F83857C}.Debug|Any CPU.Build.0 = Debug|Any CPU
		{A3E26AF7-BF1C-43EE-B8CD-072F2F83857C}.Release|Any CPU.ActiveCfg = Release|Any CPU
		{A3E26AF7-BF1C-43EE-B8CD-072F2F83857C}.Release|Any CPU.Build.0 = Release|Any CPU
		{D6D2D3DE-645A-449B-85E7-777B2259851F}.Debug|Any CPU.ActiveCfg = Debug|Any CPU
		{D6D2D3DE-645A-449B-85E7-777B2259851F}.Debug|Any CPU.Build.0 = Debug|Any CPU
		{D6D2D3DE-645A-449B-85E7-777B2259851F}.Release|Any CPU.ActiveCfg = Release|Any CPU
		{D6D2D3DE-645A-449B-85E7-777B2259851F}.Release|Any CPU.Build.0 = Release|Any CPU
		{F33C3282-FEB9-4FD4-ACEF-75842688BE0B}.Debug|Any CPU.ActiveCfg = Debug|Any CPU
		{F33C3282-FEB9-4FD4-ACEF-75842688BE0B}.Debug|Any CPU.Build.0 = Debug|Any CPU
		{F33C3282-FEB9-4FD4-ACEF-75842688BE0B}.Release|Any CPU.ActiveCfg = Release|Any CPU
		{F33C3282-FEB9-4FD4-ACEF-75842688BE0B}.Release|Any CPU.Build.0 = Release|Any CPU
		{55633EB0-E66E-400D-B1AB-BEB61232920B}.Debug|Any CPU.ActiveCfg = Debug|Any CPU
		{55633EB0-E66E-400D-B1AB-BEB61232920B}.Debug|Any CPU.Build.0 = Debug|Any CPU
		{55633EB0-E66E-400D-B1AB-BEB61232920B}.Release|Any CPU.ActiveCfg = Release|Any CPU
		{55633EB0-E66E-400D-B1AB-BEB61232920B}.Release|Any CPU.Build.0 = Release|Any CPU
		{DA6D8B03-34AC-4A88-AF4C-89CEC39B8C9D}.Debug|Any CPU.ActiveCfg = Debug|Any CPU
		{DA6D8B03-34AC-4A88-AF4C-89CEC39B8C9D}.Debug|Any CPU.Build.0 = Debug|Any CPU
		{DA6D8B03-34AC-4A88-AF4C-89CEC39B8C9D}.Release|Any CPU.ActiveCfg = Release|Any CPU
		{DA6D8B03-34AC-4A88-AF4C-89CEC39B8C9D}.Release|Any CPU.Build.0 = Release|Any CPU
		{04087398-B412-44CD-BFE8-87641B07D138}.Debug|Any CPU.ActiveCfg = Debug|Any CPU
		{04087398-B412-44CD-BFE8-87641B07D138}.Debug|Any CPU.Build.0 = Debug|Any CPU
		{04087398-B412-44CD-BFE8-87641B07D138}.Release|Any CPU.ActiveCfg = Release|Any CPU
		{04087398-B412-44CD-BFE8-87641B07D138}.Release|Any CPU.Build.0 = Release|Any CPU
		{6434B776-EF9B-47B2-98F1-9621B6BC201D}.Debug|Any CPU.ActiveCfg = Debug|Any CPU
		{6434B776-EF9B-47B2-98F1-9621B6BC201D}.Debug|Any CPU.Build.0 = Debug|Any CPU
		{6434B776-EF9B-47B2-98F1-9621B6BC201D}.Release|Any CPU.ActiveCfg = Release|Any CPU
		{6434B776-EF9B-47B2-98F1-9621B6BC201D}.Release|Any CPU.Build.0 = Release|Any CPU
		{B6151870-03F9-4634-ACF4-23A93D3805B6}.Debug|Any CPU.ActiveCfg = Debug|Any CPU
		{B6151870-03F9-4634-ACF4-23A93D3805B6}.Debug|Any CPU.Build.0 = Debug|Any CPU
		{B6151870-03F9-4634-ACF4-23A93D3805B6}.Release|Any CPU.ActiveCfg = Release|Any CPU
		{B6151870-03F9-4634-ACF4-23A93D3805B6}.Release|Any CPU.Build.0 = Release|Any CPU
		{9551219C-A1D3-4F60-BBEC-DC226EA43FBB}.Debug|Any CPU.ActiveCfg = Debug|Any CPU
		{9551219C-A1D3-4F60-BBEC-DC226EA43FBB}.Debug|Any CPU.Build.0 = Debug|Any CPU
		{9551219C-A1D3-4F60-BBEC-DC226EA43FBB}.Release|Any CPU.ActiveCfg = Release|Any CPU
		{9551219C-A1D3-4F60-BBEC-DC226EA43FBB}.Release|Any CPU.Build.0 = Release|Any CPU
		{0E130ECC-DE4F-4B80-9334-6E3910CB3586}.Debug|Any CPU.ActiveCfg = Debug|Any CPU
		{0E130ECC-DE4F-4B80-9334-6E3910CB3586}.Debug|Any CPU.Build.0 = Debug|Any CPU
		{0E130ECC-DE4F-4B80-9334-6E3910CB3586}.Release|Any CPU.ActiveCfg = Release|Any CPU
		{0E130ECC-DE4F-4B80-9334-6E3910CB3586}.Release|Any CPU.Build.0 = Release|Any CPU
		{4E115744-AB28-48F1-AF21-CAB61AF9B794}.Debug|Any CPU.ActiveCfg = Debug|Any CPU
		{4E115744-AB28-48F1-AF21-CAB61AF9B794}.Debug|Any CPU.Build.0 = Debug|Any CPU
		{4E115744-AB28-48F1-AF21-CAB61AF9B794}.Release|Any CPU.ActiveCfg = Release|Any CPU
		{4E115744-AB28-48F1-AF21-CAB61AF9B794}.Release|Any CPU.Build.0 = Release|Any CPU
		{BDABD7D3-93FF-45A3-874C-A0C0DFAFFE49}.Debug|Any CPU.ActiveCfg = Debug|Any CPU
		{BDABD7D3-93FF-45A3-874C-A0C0DFAFFE49}.Debug|Any CPU.Build.0 = Debug|Any CPU
		{BDABD7D3-93FF-45A3-874C-A0C0DFAFFE49}.Release|Any CPU.ActiveCfg = Release|Any CPU
		{BDABD7D3-93FF-45A3-874C-A0C0DFAFFE49}.Release|Any CPU.Build.0 = Release|Any CPU
		{9E701BE3-DC82-4E50-937F-DF09F7981F27}.Debug|Any CPU.ActiveCfg = Debug|Any CPU
		{9E701BE3-DC82-4E50-937F-DF09F7981F27}.Debug|Any CPU.Build.0 = Debug|Any CPU
		{9E701BE3-DC82-4E50-937F-DF09F7981F27}.Release|Any CPU.ActiveCfg = Release|Any CPU
		{9E701BE3-DC82-4E50-937F-DF09F7981F27}.Release|Any CPU.Build.0 = Release|Any CPU
	EndGlobalSection
	GlobalSection(SolutionProperties) = preSolution
		HideSolutionNode = FALSE
	EndGlobalSection
	GlobalSection(NestedProjects) = preSolution
		{AD2D1079-C50B-47DE-B43A-2D52EF3F5801} = {0817FC84-509F-496A-AA50-9787EC64EEC7}
		{32720CC4-149D-4044-A5B4-2613D093B340} = {0817FC84-509F-496A-AA50-9787EC64EEC7}
		{9C413128-1D4B-4D50-A2D7-83895C63C288} = {0817FC84-509F-496A-AA50-9787EC64EEC7}
		{96345E1B-3024-4BC8-AABF-67500EC96D8A} = {11694C5F-DA14-4992-9249-5B5F0BC2A6C6}
		{522EE8D8-F749-4C5F-A058-192CD28F9B01} = {11694C5F-DA14-4992-9249-5B5F0BC2A6C6}
		{1BBAF673-4A32-4FB4-A70E-F9EFB0233D87} = {11694C5F-DA14-4992-9249-5B5F0BC2A6C6}
		{7616D76B-A0BD-4236-ABF8-9082CCECD6E9} = {B7003BB6-E204-49DD-B806-0FF533DC15AC}
		{0F0AA972-4F80-4A07-9229-0FC5402AC40B} = {B7003BB6-E204-49DD-B806-0FF533DC15AC}
		{A3E26AF7-BF1C-43EE-B8CD-072F2F83857C} = {B7003BB6-E204-49DD-B806-0FF533DC15AC}
		{D6D2D3DE-645A-449B-85E7-777B2259851F} = {B7003BB6-E204-49DD-B806-0FF533DC15AC}
		{F33C3282-FEB9-4FD4-ACEF-75842688BE0B} = {36A4E508-1C46-42E1-9A00-CA21242E52C8}
		{55633EB0-E66E-400D-B1AB-BEB61232920B} = {36A4E508-1C46-42E1-9A00-CA21242E52C8}
		{DA6D8B03-34AC-4A88-AF4C-89CEC39B8C9D} = {36A4E508-1C46-42E1-9A00-CA21242E52C8}
		{04087398-B412-44CD-BFE8-87641B07D138} = {C1FA96A0-E151-4DD3-9F0F-6F3228465DAB}
		{6434B776-EF9B-47B2-98F1-9621B6BC201D} = {C1FA96A0-E151-4DD3-9F0F-6F3228465DAB}
		{B6151870-03F9-4634-ACF4-23A93D3805B6} = {C1FA96A0-E151-4DD3-9F0F-6F3228465DAB}
		{9551219C-A1D3-4F60-BBEC-DC226EA43FBB} = {C1FA96A0-E151-4DD3-9F0F-6F3228465DAB}
		{0E130ECC-DE4F-4B80-9334-6E3910CB3586} = {611A7037-0292-4D39-B0CA-CD5608EAA73E}
		{4E115744-AB28-48F1-AF21-CAB61AF9B794} = {611A7037-0292-4D39-B0CA-CD5608EAA73E}
		{BDABD7D3-93FF-45A3-874C-A0C0DFAFFE49} = {611A7037-0292-4D39-B0CA-CD5608EAA73E}
		{9E701BE3-DC82-4E50-937F-DF09F7981F27} = {611A7037-0292-4D39-B0CA-CD5608EAA73E}
	EndGlobalSection
	GlobalSection(ExtensibilityGlobals) = postSolution
		SolutionGuid = {918FD411-FD4A-4773-8831-47B27D8B4498}
	EndGlobalSection
EndGlobal
